
Microsoft Visual Studio Solution File, Format Version 12.00
# Visual Studio Version 16
VisualStudioVersion = 16.0.32413.511
MinimumVisualStudioVersion = 10.0.40219.1
Project("{FAE04EC0-301F-11D3-BF4B-00C04F79EFBC}") = "Auto_Version_Test", "Auto_Version_Test.csproj", "{F126360A-8ED3-4623-90B5-F378674A7032}"
EndProject
Global
	GlobalSection(SolutionConfigurationPlatforms) = preSolution
		Debug|Any CPU = Debug|Any CPU
		Release|Any CPU = Release|Any CPU
	EndGlobalSection
	GlobalSection(ProjectConfigurationPlatforms) = postSolution
		{F126360A-8ED3-4623-90B5-F378674A7032}.Debug|Any CPU.ActiveCfg = Debug|Any CPU
		{F126360A-8ED3-4623-90B5-F378674A7032}.Debug|Any CPU.Build.0 = Debug|Any CPU
		{F126360A-8ED3-4623-90B5-F378674A7032}.Release|Any CPU.ActiveCfg = Release|Any CPU
		{F126360A-8ED3-4623-90B5-F378674A7032}.Release|Any CPU.Build.0 = Release|Any CPU
	EndGlobalSection
	GlobalSection(SolutionProperties) = preSolution
		HideSolutionNode = FALSE
	EndGlobalSection
	GlobalSection(ExtensibilityGlobals) = postSolution
		SolutionGuid = {E33A2066-9557-49A1-AC15-79EF0B82FAF8}
	EndGlobalSection
EndGlobal
